{
  "version": 1,
  "dependencies": {
    "net7.0-windows7.0": {
      "System.Drawing.Common": {
        "type": "Direct",
        "requested": "[8.0.1, )",
        "resolved": "8.0.1",
        "contentHash": "x0rAZECxIGx/YVjN28YRdpqka0+H7YMN9741FUDzipXPDzesd60gef/LI0ZCOcYSDsacTLTHvMAvxHG+TjbNNQ==",
        "dependencies": {
          "Microsoft.Win32.SystemEvents": "8.0.0"
        }
      },
      "Microsoft.Win32.SystemEvents": {
        "type": "Transitive",
        "resolved": "8.0.0",
        "contentHash": "9opKRyOKMCi2xJ7Bj7kxtZ1r9vbzosMvRrdEhVhDz8j8MoBGgB+WmC94yH839NPH+BclAjtQ/pyagvi/8gDLkw=="
      }
    }
  }
}