{
  "version": 1,
  "dependencies": {
    "net7.0-windows7.0": {
      "DalamudPackager": {
        "type": "Direct",
        "requested": "[2.1.12, )",
        "resolved": "2.1.12",
        "contentHash": "Sc0PVxvgg4NQjcI8n10/VfUQBAS4O+Fw2pZrAqBdRMbthYGeogzu5+xmIGCGmsEZ/ukMOBuAqiNiB5qA3MRalg=="
      },
      "Microsoft.Win32.SystemEvents": {
        "type": "Transitive",
        "resolved": "8.0.0",
        "contentHash": "9opKRyOKMCi2xJ7Bj7kxtZ1r9vbzosMvRrdEhVhDz8j8MoBGgB+WmC94yH839NPH+BclAjtQ/pyagvi/8gDLkw=="
      },
      "System.Drawing.Common": {
        "type": "Transitive",
        "resolved": "8.0.1",
        "contentHash": "x0rAZECxIGx/YVjN28YRdpqka0+H7YMN9741FUDzipXPDzesd60gef/LI0ZCOcYSDsacTLTHvMAvxHG+TjbNNQ==",
        "dependencies": {
          "Microsoft.Win32.SystemEvents": "8.0.0"
        }
      },
      "lux.common": {
        "type": "Project",
        "dependencies": {
          "System.Drawing.Common": "[8.0.1, )"
        }
      },
      "lux.server": {
        "type": "Project",
        "dependencies": {
          "Lux.Common": "[1.5.5, )"
        }
      }
    }
  }
}